
Microsoft Visual Studio Solution File, Format Version 11.00
# Visual Studio 2010
# SharpDevelop 5.1
Project("{FAE04EC0-301F-11D3-BF4B-00C04F79EFBC}") = "Third", "Third\Third.csproj", "{2C506938-8D3F-440C-A94B-52AD2553893E}"
EndProject
Global
	GlobalSection(SolutionConfigurationPlatforms) = preSolution
		Debug|Any CPU = Debug|Any CPU
		Release|Any CPU = Release|Any CPU
	EndGlobalSection
	GlobalSection(ProjectConfigurationPlatforms) = postSolution
		{2C506938-8D3F-440C-A94B-52AD2553893E}.Debug|Any CPU.ActiveCfg = Debug|Any CPU
		{2C506938-8D3F-440C-A94B-52AD2553893E}.Debug|Any CPU.Build.0 = Debug|Any CPU
		{2C506938-8D3F-440C-A94B-52AD2553893E}.Release|Any CPU.ActiveCfg = Release|Any CPU
		{2C506938-8D3F-440C-A94B-52AD2553893E}.Release|Any CPU.Build.0 = Release|Any CPU
	EndGlobalSection
EndGlobal
